
Microsoft Visual Studio Solution File, Format Version 12.00
# Visual Studio 2013
VisualStudioVersion = 12.0.31101.0
MinimumVisualStudioVersion = 10.0.40219.1
Project("{FAE04EC0-301F-11D3-BF4B-00C04F79EFBC}") = "TcpChatServer", "TcpChatServer\TcpChatServer.csproj", "{4B13114C-288B-48FE-B18E-604F99B018DF}"
EndProject
Project("{FAE04EC0-301F-11D3-BF4B-00C04F79EFBC}") = "TcpChatClient", "TcpChatClient\TcpChatClient.csproj", "{1E33D8B8-3D94-458D-ABD5-B4DD5ABB392A}"
EndProject
Global
	GlobalSection(SolutionConfigurationPlatforms) = preSolution
		Debug|Any CPU = Debug|Any CPU
		Release|Any CPU = Release|Any CPU
	EndGlobalSection
	GlobalSection(ProjectConfigurationPlatforms) = postSolution
		{4B13114C-288B-48FE-B18E-604F99B018DF}.Debug|Any CPU.ActiveCfg = Debug|Any CPU
		{4B13114C-288B-48FE-B18E-604F99B018DF}.Debug|Any CPU.Build.0 = Debug|Any CPU
		{4B13114C-288B-48FE-B18E-604F99B018DF}.Release|Any CPU.ActiveCfg = Release|Any CPU
		{4B13114C-288B-48FE-B18E-604F99B018DF}.Release|Any CPU.Build.0 = Release|Any CPU
		{1E33D8B8-3D94-458D-ABD5-B4DD5ABB392A}.Debug|Any CPU.ActiveCfg = Debug|Any CPU
		{1E33D8B8-3D94-458D-ABD5-B4DD5ABB392A}.Debug|Any CPU.Build.0 = Debug|Any CPU
		{1E33D8B8-3D94-458D-ABD5-B4DD5ABB392A}.Release|Any CPU.ActiveCfg = Release|Any CPU
		{1E33D8B8-3D94-458D-ABD5-B4DD5ABB392A}.Release|Any CPU.Build.0 = Release|Any CPU
	EndGlobalSection
	GlobalSection(SolutionProperties) = preSolution
		HideSolutionNode = FALSE
	EndGlobalSection
EndGlobal
